// !$*UTF8*$!
{
	archiveVersion = 1;
	classes = {
	};
	objectVersion = 77;
	objects = {

/* Begin PBXContainerItemProxy section */
		0D65A03F2EBA6F2D003BE362 /* PBXContainerItemProxy */ = {
			isa = PBXContainerItemProxy;
			containerPortal = 0D65A0242EBA6F2B003BE362 /* Project object */;
			proxyType = 1;
			remoteGlobalIDString = 0D65A02B2EBA6F2B003BE362;
			remoteInfo = "Vearn-frontend";
		};
		0D65A0492EBA6F2D003BE362 /* PBXContainerItemProxy */ = {
			isa = PBXContainerItemProxy;
			containerPortal = 0D65A0242EBA6F2B003BE362 /* Project object */;
			proxyType = 1;
			remoteGlobalIDString = 0D65A02B2EBA6F2B003BE362;
			remoteInfo = "Vearn-frontend";
		};
/* End PBXContainerItemProxy section */

/* Begin PBXFileReference section */
		0D65A02C2EBA6F2B003BE362 /* Vearn-frontend.app */ = {isa = PBXFileReference; explicitFileType = wrapper.application; includeInIndex = 0; path = "Vearn-frontend.app"; sourceTree = BUILT_PRODUCTS_DIR; };
		0D65A03E2EBA6F2D003BE362 /* Vearn-frontendTests.xctest */ = {isa = PBXFileReference; explicitFileType = wrapper.cfbundle; includeInIndex = 0; path = "Vearn-frontendTests.xctest"; sourceTree = BUILT_PRODUCTS_DIR; };
		0D65A0482EBA6F2D003BE362 /* Vearn-frontendUITests.xctest */ = {isa = PBXFileReference; explicitFileType = wrapper.cfbundle; includeInIndex = 0; path = "Vearn-frontendUITests.xctest"; sourceTree = BUILT_PRODUCTS_DIR; };
/* End PBXFileReference section */

/* Begin PBXFileSystemSynchronizedRootGroup section */
		0D65A02E2EBA6F2B003BE362 /* Vearn-frontend */ = {
			isa = PBXFileSystemSynchronizedRootGroup;
			path = "Vearn-frontend";
			sourceTree = "<group>";
		};
		0D65A0412EBA6F2D003BE362 /* Vearn-frontendTests */ = {
			isa = PBXFileSystemSynchronizedRootGroup;
			path = "Vearn-frontendTests";
			sourceTree = "<group>";
		};
		0D65A04B2EBA6F2D003BE362 /* Vearn-frontendUITests */ = {
			isa = PBXFileSystemSynchronizedRootGroup;
			path = "Vearn-frontendUITests";
			sourceTree = "<group>";
		};
/* End PBXFileSystemSynchronizedRootGroup section */

/* Begin PBXFrameworksBuildPhase section */
		0D65A0292EBA6F2B003BE362 /* Frameworks */ = {
			isa = PBXFrameworksBuildPhase;
			buildActionMask = 2147483647;
			files = (
			);
			runOnlyForDeploymentPostprocessing = 0;
		};
		0D65A03B2EBA6F2D003BE362 /* Frameworks */ = {
			isa = PBXFrameworksBuildPhase;
			buildActionMask = 2147483647;
			files = (
			);
			runOnlyForDeploymentPostprocessing = 0;
		};
		0D65A0452EBA6F2D003BE362 /* Frameworks */ = {
			isa = PBXFrameworksBuildPhase;
			buildActionMask = 2147483647;
			files = (
			);
			runOnlyForDeploymentPostprocessing = 0;
		};
/* End PBXFrameworksBuildPhase section */

/* Begin PBXGroup section */
		0D65A0232EBA6F2B003BE362 = {
			isa = PBXGroup;
			children = (
				0D65A02E2EBA6F2B003BE362 /* Vearn-frontend */,
				0D65A0412EBA6F2D003BE362 /* Vearn-frontendTests */,
				0D65A04B2EBA6F2D003BE362 /* Vearn-frontendUITests */,
				0D65A02D2EBA6F2B003BE362 /* Products */,
			);
			sourceTree = "<group>";
		};
		0D65A02D2EBA6F2B003BE362 /* Products */ = {
			isa = PBXGroup;
			children = (
				0D65A02C2EBA6F2B003BE362 /* Vearn-frontend.app */,
				0D65A03E2EBA6F2D003BE362 /* Vearn-frontendTests.xctest */,
				0D65A0482EBA6F2D003BE362 /* Vearn-frontendUITests.xctest */,
			);
			name = Products;
			sourceTree = "<group>";
		};
/* End PBXGroup section */

/* Begin PBXNativeTarget section */
		0D65A02B2EBA6F2B003BE362 /* Vearn-frontend */ = {
			isa = PBXNativeTarget;
			buildConfigurationList = 0D65A0522EBA6F2D003BE362 /* Build configuration list for PBXNativeTarget "Vearn-frontend" */;
			buildPhases = (
				0D65A0282EBA6F2B003BE362 /* Sources */,
				0D65A0292EBA6F2B003BE362 /* Frameworks */,
				0D65A02A2EBA6F2B003BE362 /* Resources */,
			);
			buildRules = (
			);
			dependencies = (
			);
			fileSystemSynchronizedGroups = (
				0D65A02E2EBA6F2B003BE362 /* Vearn-frontend */,
			);
			name = "Vearn-frontend";
			packageProductDependencies = (
			);
			productName = "Vearn-frontend";
			productReference = 0D65A02C2EBA6F2B003BE362 /* Vearn-frontend.app */;
			productType = "com.apple.product-type.application";
		};
		0D65A03D2EBA6F2D003BE362 /* Vearn-frontendTests */ = {
			isa = PBXNativeTarget;
			buildConfigurationList = 0D65A0552EBA6F2D003BE362 /* Build configuration list for PBXNativeTarget "Vearn-frontendTests" */;
			buildPhases = (
				0D65A03A2EBA6F2D003BE362 /* Sources */,
				0D65A03B2EBA6F2D003BE362 /* Frameworks */,
				0D65A03C2EBA6F2D003BE362 /* Resources */,
			);
			buildRules = (
			);
			dependencies = (
				0D65A0402EBA6F2D003BE362 /* PBXTargetDependency */,
			);
			fileSystemSynchronizedGroups = (
				0D65A0412EBA6F2D003BE362 /* Vearn-frontendTests */,
			);
			name = "Vearn-frontendTests";
			packageProductDependencies = (
			);
			productName = "Vearn-frontendTests";
			productReference = 0D65A03E2EBA6F2D003BE362 /* Vearn-frontendTests.xctest */;
			productType = "com.apple.product-type.bundle.unit-test";
		};
		0D65A0472EBA6F2D003BE362 /* Vearn-frontendUITests */ = {
			isa = PBXNativeTarget;
			buildConfigurationList = 0D65A0582EBA6F2D003BE362 /* Build configuration list for PBXNativeTarget "Vearn-frontendUITests" */;
			buildPhases = (
				0D65A0442EBA6F2D003BE362 /* Sources */,
				0D65A0452EBA6F2D003BE362 /* Frameworks */,
				0D65A0462EBA6F2D003BE362 /* Resources */,
			);
			buildRules = (
			);
			dependencies = (
				0D65A04A2EBA6F2D003BE362 /* PBXTargetDependency */,
			);
			fileSystemSynchronizedGroups = (
				0D65A04B2EBA6F2D003BE362 /* Vearn-frontendUITests */,
			);
			name = "Vearn-frontendUITests";
			packageProductDependencies = (
			);
			productName = "Vearn-frontendUITests";
			productReference = 0D65A0482EBA6F2D003BE362 /* Vearn-frontendUITests.xctest */;
			productType = "com.apple.product-type.bundle.ui-testing";
		};
/* End PBXNativeTarget section */

/* Begin PBXProject section */
		0D65A0242EBA6F2B003BE362 /* Project object */ = {
			isa = PBXProject;
			attributes = {
				BuildIndependentTargetsInParallel = 1;
				LastSwiftUpdateCheck = 1640;
				LastUpgradeCheck = 1640;
				TargetAttributes = {
					0D65A02B2EBA6F2B003BE362 = {
						CreatedOnToolsVersion = 16.4;
					};
					0D65A03D2EBA6F2D003BE362 = {
						CreatedOnToolsVersion = 16.4;
						TestTargetID = 0D65A02B2EBA6F2B003BE362;
					};
					0D65A0472EBA6F2D003BE362 = {
						CreatedOnToolsVersion = 16.4;
						TestTargetID = 0D65A02B2EBA6F2B003BE362;
					};
				};
			};
			buildConfigurationList = 0D65A0272EBA6F2B003BE362 /* Build configuration list for PBXProject "Vearn-frontend" */;
			developmentRegion = en;
			hasScannedForEncodings = 0;
			knownRegions = (
				en,
				Base,
			);
			mainGroup = 0D65A0232EBA6F2B003BE362;
			minimizedProjectReferenceProxies = 1;
			preferredProjectObjectVersion = 77;
			productRefGroup = 0D65A02D2EBA6F2B003BE362 /* Products */;
			projectDirPath = "";
			projectRoot = "";
			targets = (
				0D65A02B2EBA6F2B003BE362 /* Vearn-frontend */,
				0D65A03D2EBA6F2D003BE362 /* Vearn-frontendTests */,
				0D65A0472EBA6F2D003BE362 /* Vearn-frontendUITests */,
			);
		};
/* End PBXProject section */

/* Begin PBXResourcesBuildPhase section */
		0D65A02A2EBA6F2B003BE362 /* Resources */ = {
			isa = PBXResourcesBuildPhase;
			buildActionMask = 2147483647;
			files = (
			);
			runOnlyForDeploymentPostprocessing = 0;
		};
		0D65A03C2EBA6F2D003BE362 /* Resources */ = {
			isa = PBXResourcesBuildPhase;
			buildActionMask = 2147483647;
			files = (
			);
			runOnlyForDeploymentPostprocessing = 0;
		};
		0D65A0462EBA6F2D003BE362 /* Resources */ = {
			isa = PBXResourcesBuildPhase;
			buildActionMask = 2147483647;
			files = (
			);
			runOnlyForDeploymentPostprocessing = 0;
		};
/* End PBXResourcesBuildPhase section */

/* Begin PBXSourcesBuildPhase section */
		0D65A0282EBA6F2B003BE362 /* Sources */ = {
			isa = PBXSourcesBuildPhase;
			buildActionMask = 2147483647;
			files = (
			);
			runOnlyForDeploymentPostprocessing = 0;
		};
		0D65A03A2EBA6F2D003BE362 /* Sources */ = {
			isa = PBXSourcesBuildPhase;
			buildActionMask = 2147483647;
			files = (
			);
			runOnlyForDeploymentPostprocessing = 0;
		};
		0D65A0442EBA6F2D003BE362 /* Sources */ = {
			isa = PBXSourcesBuildPhase;
			buildActionMask = 2147483647;
			files = (
			);
			runOnlyForDeploymentPostprocessing = 0;
		};
/* End PBXSourcesBuildPhase section */

/* Begin PBXTargetDependency section */
		0D65A0402EBA6F2D003BE362 /* PBXTargetDependency */ = {
			isa = PBXTargetDependency;
			target = 0D65A02B2EBA6F2B003BE362 /* Vearn-frontend */;
			targetProxy = 0D65A03F2EBA6F2D003BE362 /* PBXContainerItemProxy */;
		};
		0D65A04A2EBA6F2D003BE362 /* PBXTargetDependency */ = {
			isa = PBXTargetDependency;
			target = 0D65A02B2EBA6F2B003BE362 /* Vearn-frontend */;
			targetProxy = 0D65A0492EBA6F2D003BE362 /* PBXContainerItemProxy */;
		};
/* End PBXTargetDependency section */

/* Begin XCBuildConfiguration section */
		0D65A0502EBA6F2D003BE362 /* Debug */ = {
			isa = XCBuildConfiguration;
			buildSettings = {
				ALWAYS_SEARCH_USER_PATHS = NO;
				ASSETCATALOG_COMPILER_GENERATE_SWIFT_ASSET_SYMBOL_EXTENSIONS = YES;
				CLANG_ANALYZER_NONNULL = YES;
				CLANG_ANALYZER_NUMBER_OBJECT_CONVERSION = YES_AGGRESSIVE;
				CLANG_CXX_LANGUAGE_STANDARD = "gnu++20";
				CLANG_ENABLE_MODULES = YES;
				CLANG_ENABLE_OBJC_ARC = YES;
				CLANG_ENABLE_OBJC_WEAK = YES;
				CLANG_WARN_BLOCK_CAPTURE_AUTORELEASING = YES;
				CLANG_WARN_BOOL_CONVERSION = YES;
				CLANG_WARN_COMMA = YES;
				CLANG_WARN_CONSTANT_CONVERSION = YES;
				CLANG_WARN_DEPRECATED_OBJC_IMPLEMENTATIONS = YES;
				CLANG_WARN_DIRECT_OBJC_ISA_USAGE = YES_ERROR;
				CLANG_WARN_DOCUMENTATION_COMMENTS = YES;
				CLANG_WARN_EMPTY_BODY = YES;
				CLANG_WARN_ENUM_CONVERSION = YES;
				CLANG_WARN_INFINITE_RECURSION = YES;
				CLANG_WARN_INT_CONVERSION = YES;
				CLANG_WARN_NON_LITERAL_NULL_CONVERSION = YES;
				CLANG_WARN_OBJC_IMPLICIT_RETAIN_SELF = YES;
				CLANG_WARN_OBJC_LITERAL_CONVERSION = YES;
				CLANG_WARN_OBJC_ROOT_CLASS = YES_ERROR;
				CLANG_WARN_QUOTED_INCLUDE_IN_FRAMEWORK_HEADER = YES;
				CLANG_WARN_RANGE_LOOP_ANALYSIS = YES;
				CLANG_WARN_STRICT_PROTOTYPES = YES;
				CLANG_WARN_SUSPICIOUS_MOVE = YES;
				CLANG_WARN_UNGUARDED_AVAILABILITY = YES_AGGRESSIVE;
				CLANG_WARN_UNREACHABLE_CODE = YES;
				CLANG_WARN__DUPLICATE_METHOD_MATCH = YES;
				COPY_PHASE_STRIP = NO;
				DEBUG_INFORMATION_FORMAT = dwarf;
				DEVELOPMENT_TEAM = T74LJW2CZM;
				ENABLE_STRICT_OBJC_MSGSEND = YES;
				ENABLE_TESTABILITY = YES;
				ENABLE_USER_SCRIPT_SANDBOXING = YES;
				GCC_C_LANGUAGE_STANDARD = gnu17;
				GCC_DYNAMIC_NO_PIC = NO;
				GCC_NO_COMMON_BLOCKS = YES;
				GCC_OPTIMIZATION_LEVEL = 0;
				GCC_PREPROCESSOR_DEFINITIONS = (
					"DEBUG=1",
					"$(inherited)",
				);
				GCC_WARN_64_TO_32_BIT_CONVERSION = YES;
				GCC_WARN_ABOUT_RETURN_TYPE = YES_ERROR;
				GCC_WARN_UNDECLARED_SELECTOR = YES;
				GCC_WARN_UNINITIALIZED_AUTOS = YES_AGGRESSIVE;
				GCC_WARN_UNUSED_FUNCTION = YES;
				GCC_WARN_UNUSED_VARIABLE = YES;
				IPHONEOS_DEPLOYMENT_TARGET = 18.5;
				LOCALIZATION_PREFERS_STRING_CATALOGS = YES;
				MTL_ENABLE_DEBUG_INFO = INCLUDE_SOURCE;
				MTL_FAST_MATH = YES;
				ONLY_ACTIVE_ARCH = YES;
				SDKROOT = iphoneos;
				SWIFT_ACTIVE_COMPILATION_CONDITIONS = "DEBUG $(inherited)";
				SWIFT_OPTIMIZATION_LEVEL = "-Onone";
			};
			name = Debug;
		};
		0D65A0512EBA6F2D003BE362 /* Release */ = {
			isa = XCBuildConfiguration;
			buildSettings = {
				ALWAYS_SEARCH_USER_PATHS = NO;
				ASSETCATALOG_COMPILER_GENERATE_SWIFT_ASSET_SYMBOL_EXTENSIONS = YES;
				CLANG_ANALYZER_NONNULL = YES;
				CLANG_ANALYZER_NUMBER_OBJECT_CONVERSION = YES_AGGRESSIVE;
				CLANG_CXX_LANGUAGE_STANDARD = "gnu++20";
				CLANG_ENABLE_MODULES = YES;
				CLANG_ENABLE_OBJC_ARC = YES;
				CLANG_ENABLE_OBJC_WEAK = YES;
				CLANG_WARN_BLOCK_CAPTURE_AUTORELEASING = YES;
				CLANG_WARN_BOOL_CONVERSION = YES;
				CLANG_WARN_COMMA = YES;
				CLANG_WARN_CONSTANT_CONVERSION = YES;
				CLANG_WARN_DEPRECATED_OBJC_IMPLEMENTATIONS = YES;
				CLANG_WARN_DIRECT_OBJC_ISA_USAGE = YES_ERROR;
				CLANG_WARN_DOCUMENTATION_COMMENTS = YES;
				CLANG_WARN_EMPTY_BODY = YES;
				CLANG_WARN_ENUM_CONVERSION = YES;
				CLANG_WARN_INFINITE_RECURSION = YES;
				CLANG_WARN_INT_CONVERSION = YES;
				CLANG_WARN_NON_LITERAL_NULL_CONVERSION = YES;
				CLANG_WARN_OBJC_IMPLICIT_RETAIN_SELF = YES;
				CLANG_WARN_OBJC_LITERAL_CONVERSION = YES;
				CLANG_WARN_OBJC_ROOT_CLASS = YES_ERROR;
				CLANG_WARN_QUOTED_INCLUDE_IN_FRAMEWORK_HEADER = YES;
				CLANG_WARN_RANGE_LOOP_ANALYSIS = YES;
				CLANG_WARN_STRICT_PROTOTYPES = YES;
				CLANG_WARN_SUSPICIOUS_MOVE = YES;
				CLANG_WARN_UNGUARDED_AVAILABILITY = YES_AGGRESSIVE;
				CLANG_WARN_UNREACHABLE_CODE = YES;
				CLANG_WARN__DUPLICATE_METHOD_MATCH = YES;
				COPY_PHASE_STRIP = NO;
				DEBUG_INFORMATION_FORMAT = "dwarf-with-dsym";
				DEVELOPMENT_TEAM = T74LJW2CZM;
				ENABLE_NS_ASSERTIONS = NO;
				ENABLE_STRICT_OBJC_MSGSEND = YES;
				ENABLE_USER_SCRIPT_SANDBOXING = YES;
				GCC_C_LANGUAGE_STANDARD = gnu17;
				GCC_NO_COMMON_BLOCKS = YES;
				GCC_WARN_64_TO_32_BIT_CONVERSION = YES;
				GCC_WARN_ABOUT_RETURN_TYPE = YES_ERROR;
				GCC_WARN_UNDECLARED_SELECTOR = YES;
				GCC_WARN_UNINITIALIZED_AUTOS = YES_AGGRESSIVE;
				GCC_WARN_UNUSED_FUNCTION = YES;
				GCC_WARN_UNUSED_VARIABLE = YES;
				IPHONEOS_DEPLOYMENT_TARGET = 18.5;
				LOCALIZATION_PREFERS_STRING_CATALOGS = YES;
				MTL_ENABLE_DEBUG_INFO = NO;
				MTL_FAST_MATH = YES;
				SDKROOT = iphoneos;
				SWIFT_COMPILATION_MODE = wholemodule;
				VALIDATE_PRODUCT = YES;
			};
			name = Release;
		};
		0D65A0532EBA6F2D003BE362 /* Debug */ = {
			isa = XCBuildConfiguration;
			buildSettings = {
				ASSETCATALOG_COMPILER_APPICON_NAME = AppIcon;
				ASSETCATALOG_COMPILER_GLOBAL_ACCENT_COLOR_NAME = AccentColor;
				CODE_SIGN_STYLE = Automatic;
				CURRENT_PROJECT_VERSION = 1;
				DEVELOPMENT_TEAM = T74LJW2CZM;
				ENABLE_PREVIEWS = YES;
				GENERATE_INFOPLIST_FILE = YES;
				INFOPLIST_KEY_CFBundleDisplayName = Vearn;
				INFOPLIST_KEY_LSApplicationCategoryType = "public.app-category.social-networking";
				INFOPLIST_KEY_UIApplicationSceneManifest_Generation = YES;
				INFOPLIST_KEY_UIApplicationSupportsIndirectInputEvents = YES;
				INFOPLIST_KEY_UILaunchScreen_Generation = YES;
				INFOPLIST_KEY_UISupportedInterfaceOrientations_iPad = "UIInterfaceOrientationPortrait UIInterfaceOrientationPortraitUpsideDown UIInterfaceOrientationLandscapeLeft UIInterfaceOrientationLandscapeRight";
				INFOPLIST_KEY_UISupportedInterfaceOrientations_iPhone = "UIInterfaceOrientationPortrait UIInterfaceOrientationLandscapeLeft UIInterfaceOrientationLandscapeRight";
				LD_RUNPATH_SEARCH_PATHS = (
					"$(inherited)",
					"@executable_path/Frameworks",
				);
				MARKETING_VERSION = 1.0;
				PRODUCT_BUNDLE_IDENTIFIER = "morphines.Vearn-frontend";
				PRODUCT_NAME = "$(TARGET_NAME)";
				SWIFT_EMIT_LOC_STRINGS = YES;
				SWIFT_VERSION = 5.0;
				TARGETED_DEVICE_FAMILY = "1,2";
			};
			name = Debug;
		};
		0D65A0542EBA6F2D003BE362 /* Release */ = {
			isa = XCBuildConfiguration;
			buildSettings = {
				ASSETCATALOG_COMPILER_APPICON_NAME = AppIcon;
				ASSETCATALOG_COMPILER_GLOBAL_ACCENT_COLOR_NAME = AccentColor;
				CODE_SIGN_STYLE = Automatic;
				CURRENT_PROJECT_VERSION = 1;
				DEVELOPMENT_TEAM = T74LJW2CZM;
				ENABLE_PREVIEWS = YES;
				GENERATE_INFOPLIST_FILE = YES;
				INFOPLIST_KEY_CFBundleDisplayName = Vearn;
				INFOPLIST_KEY_LSApplicationCategoryType = "public.app-category.social-networking";
				INFOPLIST_KEY_UIApplicationSceneManifest_Generation = YES;
				INFOPLIST_KEY_UIApplicationSupportsIndirectInputEvents = YES;
				INFOPLIST_KEY_UILaunchScreen_Generation = YES;
				INFOPLIST_KEY_UISupportedInterfaceOrientations_iPad = "UIInterfaceOrientationPortrait UIInterfaceOrientationPortraitUpsideDown UIInterfaceOrientationLandscapeLeft UIInterfaceOrientationLandscapeRight";
				INFOPLIST_KEY_UISupportedInterfaceOrientations_iPhone = "UIInterfaceOrientationPortrait UIInterfaceOrientationLandscapeLeft UIInterfaceOrientationLandscapeRight";
				LD_RUNPATH_SEARCH_PATHS = (
					"$(inherited)",
					"@executable_path/Frameworks",
				);
				MARKETING_VERSION = 1.0;
				PRODUCT_BUNDLE_IDENTIFIER = "morphines.Vearn-frontend";
				PRODUCT_NAME = "$(TARGET_NAME)";
				SWIFT_EMIT_LOC_STRINGS = YES;
				SWIFT_VERSION = 5.0;
				TARGETED_DEVICE_FAMILY = "1,2";
			};
			name = Release;
		};
		0D65A0562EBA6F2D003BE362 /* Debug */ = {
			isa = XCBuildConfiguration;
			buildSettings = {
				BUNDLE_LOADER = "$(TEST_HOST)";
				CODE_SIGN_STYLE = Automatic;
				CURRENT_PROJECT_VERSION = 1;
				DEVELOPMENT_TEAM = T74LJW2CZM;
				GENERATE_INFOPLIST_FILE = YES;
				IPHONEOS_DEPLOYMENT_TARGET = 18.5;
				MARKETING_VERSION = 1.0;
				PRODUCT_BUNDLE_IDENTIFIER = "morphines.Vearn-frontendTests";
				PRODUCT_NAME = "$(TARGET_NAME)";
				SWIFT_EMIT_LOC_STRINGS = NO;
				SWIFT_VERSION = 5.0;
				TARGETED_DEVICE_FAMILY = "1,2";
				TEST_HOST = "$(BUILT_PRODUCTS_DIR)/Vearn-frontend.app/$(BUNDLE_EXECUTABLE_FOLDER_PATH)/Vearn-frontend";
			};
			name = Debug;
		};
		0D65A0572EBA6F2D003BE362 /* Release */ = {
			isa = XCBuildConfiguration;
			buildSettings = {
				BUNDLE_LOADER = "$(TEST_HOST)";
				CODE_SIGN_STYLE = Automatic;
				CURRENT_PROJECT_VERSION = 1;
				DEVELOPMENT_TEAM = T74LJW2CZM;
				GENERATE_INFOPLIST_FILE = YES;
				IPHONEOS_DEPLOYMENT_TARGET = 18.5;
				MARKETING_VERSION = 1.0;
				PRODUCT_BUNDLE_IDENTIFIER = "morphines.Vearn-frontendTests";
				PRODUCT_NAME = "$(TARGET_NAME)";
				SWIFT_EMIT_LOC_STRINGS = NO;
				SWIFT_VERSION = 5.0;
				TARGETED_DEVICE_FAMILY = "1,2";
				TEST_HOST = "$(BUILT_PRODUCTS_DIR)/Vearn-frontend.app/$(BUNDLE_EXECUTABLE_FOLDER_PATH)/Vearn-frontend";
			};
			name = Release;
		};
		0D65A0592EBA6F2D003BE362 /* Debug */ = {
			isa = XCBuildConfiguration;
			buildSettings = {
				CODE_SIGN_STYLE = Automatic;
				CURRENT_PROJECT_VERSION = 1;
				DEVELOPMENT_TEAM = T74LJW2CZM;
				GENERATE_INFOPLIST_FILE = YES;
				MARKETING_VERSION = 1.0;
				PRODUCT_BUNDLE_IDENTIFIER = "morphines.Vearn-frontendUITests";
				PRODUCT_NAME = "$(TARGET_NAME)";
				SWIFT_EMIT_LOC_STRINGS = NO;
				SWIFT_VERSION = 5.0;
				TARGETED_DEVICE_FAMILY = "1,2";
				TEST_TARGET_NAME = "Vearn-frontend";
			};
			name = Debug;
		};
		0D65A05A2EBA6F2D003BE362 /* Release */ = {
			isa = XCBuildConfiguration;
			buildSettings = {
				CODE_SIGN_STYLE = Automatic;
				CURRENT_PROJECT_VERSION = 1;
				DEVELOPMENT_TEAM = T74LJW2CZM;
				GENERATE_INFOPLIST_FILE = YES;
				MARKETING_VERSION = 1.0;
				PRODUCT_BUNDLE_IDENTIFIER = "morphines.Vearn-frontendUITests";
				PRODUCT_NAME = "$(TARGET_NAME)";
				SWIFT_EMIT_LOC_STRINGS = NO;
				SWIFT_VERSION = 5.0;
				TARGETED_DEVICE_FAMILY = "1,2";
				TEST_TARGET_NAME = "Vearn-frontend";
			};
			name = Release;
		};
/* End XCBuildConfiguration section */

/* Begin XCConfigurationList section */
		0D65A0272EBA6F2B003BE362 /* Build configuration list for PBXProject "Vearn-frontend" */ = {
			isa = XCConfigurationList;
			buildConfigurations = (
				0D65A0502EBA6F2D003BE362 /* Debug */,
				0D65A0512EBA6F2D003BE362 /* Release */,
			);
			defaultConfigurationIsVisible = 0;
			defaultConfigurationName = Release;
		};
		0D65A0522EBA6F2D003BE362 /* Build configuration list for PBXNativeTarget "Vearn-frontend" */ = {
			isa = XCConfigurationList;
			buildConfigurations = (
				0D65A0532EBA6F2D003BE362 /* Debug */,
				0D65A0542EBA6F2D003BE362 /* Release */,
			);
			defaultConfigurationIsVisible = 0;
			defaultConfigurationName = Release;
		};
		0D65A0552EBA6F2D003BE362 /* Build configuration list for PBXNativeTarget "Vearn-frontendTests" */ = {
			isa = XCConfigurationList;
			buildConfigurations = (
				0D65A0562EBA6F2D003BE362 /* Debug */,
				0D65A0572EBA6F2D003BE362 /* Release */,
			);
			defaultConfigurationIsVisible = 0;
			defaultConfigurationName = Release;
		};
		0D65A0582EBA6F2D003BE362 /* Build configuration list for PBXNativeTarget "Vearn-frontendUITests" */ = {
			isa = XCConfigurationList;
			buildConfigurations = (
				0D65A0592EBA6F2D003BE362 /* Debug */,
				0D65A05A2EBA6F2D003BE362 /* Release */,
			);
			defaultConfigurationIsVisible = 0;
			defaultConfigurationName = Release;
		};
/* End XCConfigurationList section */
	};
	rootObject = 0D65A0242EBA6F2B003BE362 /* Project object */;
}
